
Microsoft Visual Studio Solution File, Format Version 12.00
# Visual Studio 2012
Project("{FAE04EC0-301F-11D3-BF4B-00C04F79EFBC}") = "MySimpleHost", "MySimpleHost\MySimpleHost.csproj", "{381BB549-E4F3-4B61-A06C-5EDE9153035F}"
EndProject
Project("{FAE04EC0-301F-11D3-BF4B-00C04F79EFBC}") = "MyIISHost", "MyIISHost\MyIISHost.csproj", "{009EBF29-BB8C-44D9-B27F-A98DE1B9E0C1}"
EndProject
Project("{FAE04EC0-301F-11D3-BF4B-00C04F79EFBC}") = "MyAnotherHost", "MyAnotherHost\MyAnotherHost.csproj", "{2D9740D9-7103-4EAF-A892-4644633CA4AA}"
EndProject
Global
	GlobalSection(SolutionConfigurationPlatforms) = preSolution
		Debug|Any CPU = Debug|Any CPU
		Release|Any CPU = Release|Any CPU
	EndGlobalSection
	GlobalSection(ProjectConfigurationPlatforms) = postSolution
		{009EBF29-BB8C-44D9-B27F-A98DE1B9E0C1}.Debug|Any CPU.ActiveCfg = Debug|Any CPU
		{009EBF29-BB8C-44D9-B27F-A98DE1B9E0C1}.Debug|Any CPU.Build.0 = Debug|Any CPU
		{009EBF29-BB8C-44D9-B27F-A98DE1B9E0C1}.Release|Any CPU.ActiveCfg = Release|Any CPU
		{009EBF29-BB8C-44D9-B27F-A98DE1B9E0C1}.Release|Any CPU.Build.0 = Release|Any CPU
		{2D9740D9-7103-4EAF-A892-4644633CA4AA}.Debug|Any CPU.ActiveCfg = Debug|Any CPU
		{2D9740D9-7103-4EAF-A892-4644633CA4AA}.Debug|Any CPU.Build.0 = Debug|Any CPU
		{2D9740D9-7103-4EAF-A892-4644633CA4AA}.Release|Any CPU.ActiveCfg = Release|Any CPU
		{2D9740D9-7103-4EAF-A892-4644633CA4AA}.Release|Any CPU.Build.0 = Release|Any CPU
		{381BB549-E4F3-4B61-A06C-5EDE9153035F}.Debug|Any CPU.ActiveCfg = Debug|Any CPU
		{381BB549-E4F3-4B61-A06C-5EDE9153035F}.Debug|Any CPU.Build.0 = Debug|Any CPU
		{381BB549-E4F3-4B61-A06C-5EDE9153035F}.Release|Any CPU.ActiveCfg = Release|Any CPU
		{381BB549-E4F3-4B61-A06C-5EDE9153035F}.Release|Any CPU.Build.0 = Release|Any CPU
	EndGlobalSection
EndGlobal
